<?xml version="1.0" encoding="UTF-8" standalone="yes" ?>
<CodeBlocks_project_file>
	<FileVersion major="1" minor="6" />
	<Project>
		<Option title="DigSauce" />
		<Option pch_mode="2" />
		<Option compiler="gcc" />
		<Build>
			<Target title="Testing">
				<Option output="bin/Debug/DigSauce" prefix_auto="1" extension_auto="1" />
				<Option object_output="obj/Debug/" />
				<Option type="1" />
				<Option compiler="gcc" />
				<Compiler>
					<Add option="-g" />
				</Compiler>
				<Linker>
					<Add library="sfml-graphics" />
					<Add library="sfml-audio" />
					<Add library="sfml-window" />
					<Add library="sfml-system" />
				</Linker>
			</Target>
			<Target title="Library Output">
				<Option output="DigSauce" prefix_auto="1" extension_auto="1" />
				<Option working_dir="" />
				<Option object_output="lib" />
				<Option type="2" />
				<Option compiler="gcc" />
				<Option createDefFile="1" />
				<Linker>
					<Add library="sfml-graphics" />
					<Add library="sfml-audio" />
					<Add library="sfml-window" />
					<Add library="sfml-system" />
				</Linker>
			</Target>
		</Build>
		<Compiler>
			<Add option="-Wall" />
		</Compiler>
		<Unit filename="main.cpp" />
		<Unit filename="src/digsauce.hpp" />
		<Unit filename="src/game/game.hpp" />
		<Unit filename="src/game/layer.hpp" />
		<Unit filename="src/game/level.hpp" />
		<Unit filename="src/graphics/gfxm.cpp" />
		<Unit filename="src/graphics/gfxm.hpp" />
		<Unit filename="src/map/camera.cpp" />
		<Unit filename="src/map/camera.hpp" />
		<Unit filename="src/map/tilemap.cpp" />
		<Unit filename="src/map/tilemap.hpp" />
		<Unit filename="src/object/ai.cpp" />
		<Unit filename="src/object/ai.hpp" />
		<Unit filename="src/object/clickable.cpp" />
		<Unit filename="src/object/clickable.hpp" />
		<Unit filename="src/object/object.cpp" />
		<Unit filename="src/object/object.hpp" />
		<Unit filename="src/sound/sfxm.cpp" />
		<Unit filename="src/sound/sfxm.hpp" />
		<Unit filename="src/system/application.cpp" />
		<Unit filename="src/system/application.hpp" />
		<Unit filename="src/system/inpm.cpp" />
		<Unit filename="src/system/inpm.hpp" />
		<Unit filename="src/system/random.cpp" />
		<Unit filename="src/system/random.hpp" />
		<Unit filename="src/text/fntm.cpp" />
		<Unit filename="src/text/fntm.hpp" />
		<Unit filename="src/text/textbox.cpp" />
		<Unit filename="src/text/textbox.hpp" />
		<Extensions>
			<code_completion />
			<envvars />
			<debugger />
			<lib_finder disable_auto="1" />
		</Extensions>
	</Project>
</CodeBlocks_project_file>
